// !$*UTF8*$!
{
	archiveVersion = 1;
	classes = {
	};
	objectVersion = 50;
	objects = {

/* Begin PBXBuildFile section */
		854E2B3E23D368C700EF20EA /* AppDelegate.swift in Sources */ = {isa = PBXBuildFile; fileRef = 854E2B3D23D368C700EF20EA /* AppDelegate.swift */; };
		854E2B4023D368C700EF20EA /* SceneDelegate.swift in Sources */ = {isa = PBXBuildFile; fileRef = 854E2B3F23D368C700EF20EA /* SceneDelegate.swift */; };
		854E2B4223D368C700EF20EA /* ViewController.swift in Sources */ = {isa = PBXBuildFile; fileRef = 854E2B4123D368C700EF20EA /* ViewController.swift */; };
		854E2B4523D368C700EF20EA /* Main.storyboard in Resources */ = {isa = PBXBuildFile; fileRef = 854E2B4323D368C700EF20EA /* Main.storyboard */; };
		854E2B4723D368C800EF20EA /* Assets.xcassets in Resources */ = {isa = PBXBuildFile; fileRef = 854E2B4623D368C800EF20EA /* Assets.xcassets */; };
		854E2B4A23D368C800EF20EA /* LaunchScreen.storyboard in Resources */ = {isa = PBXBuildFile; fileRef = 854E2B4823D368C800EF20EA /* LaunchScreen.storyboard */; };
/* End PBXBuildFile section */

/* Begin PBXFileReference section */
		854E2B3A23D368C700EF20EA /* TimeOverlayVideoPlayer.app */ = {isa = PBXFileReference; explicitFileType = wrapper.application; includeInIndex = 0; path = TimeOverlayVideoPlayer.app; sourceTree = BUILT_PRODUCTS_DIR; };
		854E2B3D23D368C700EF20EA /* AppDelegate.swift */ = {isa = PBXFileReference; lastKnownFileType = sourcecode.swift; path = AppDelegate.swift; sourceTree = "<group>"; };
		854E2B3F23D368C700EF20EA /* SceneDelegate.swift */ = {isa = PBXFileReference; lastKnownFileType = sourcecode.swift; path = SceneDelegate.swift; sourceTree = "<group>"; };
		854E2B4123D368C700EF20EA /* ViewController.swift */ = {isa = PBXFileReference; lastKnownFileType = sourcecode.swift; path = ViewController.swift; sourceTree = "<group>"; };
		854E2B4423D368C700EF20EA /* Base */ = {isa = PBXFileReference; lastKnownFileType = file.storyboard; name = Base; path = Base.lproj/Main.storyboard; sourceTree = "<group>"; };
		854E2B4623D368C800EF20EA /* Assets.xcassets */ = {isa = PBXFileReference; lastKnownFileType = folder.assetcatalog; path = Assets.xcassets; sourceTree = "<group>"; };
		854E2B4923D368C800EF20EA /* Base */ = {isa = PBXFileReference; lastKnownFileType = file.storyboard; name = Base; path = Base.lproj/LaunchScreen.storyboard; sourceTree = "<group>"; };
		854E2B4B23D368C800EF20EA /* Info.plist */ = {isa = PBXFileReference; lastKnownFileType = text.plist.xml; path = Info.plist; sourceTree = "<group>"; };
/* End PBXFileReference section */

/* Begin PBXFrameworksBuildPhase section */
		854E2B3723D368C700EF20EA /* Frameworks */ = {
			isa = PBXFrameworksBuildPhase;
			buildActionMask = 2147483647;
			files = (
			);
			runOnlyForDeploymentPostprocessing = 0;
		};
/* End PBXFrameworksBuildPhase section */

/* Begin PBXGroup section */
		854E2B3123D368C700EF20EA = {
			isa = PBXGroup;
			children = (
				854E2B3C23D368C700EF20EA /* TimeOverlayVideoPlayer */,
				854E2B3B23D368C700EF20EA /* Products */,
			);
			sourceTree = "<group>";
		};
		854E2B3B23D368C700EF20EA /* Products */ = {
			isa = PBXGroup;
			children = (
				854E2B3A23D368C700EF20EA /* TimeOverlayVideoPlayer.app */,
			);
			name = Products;
			sourceTree = "<group>";
		};
		854E2B3C23D368C700EF20EA /* TimeOverlayVideoPlayer */ = {
			isa = PBXGroup;
			children = (
				854E2B3D23D368C700EF20EA /* AppDelegate.swift */,
				854E2B3F23D368C700EF20EA /* SceneDelegate.swift */,
				854E2B4123D368C700EF20EA /* ViewController.swift */,
				854E2B4323D368C700EF20EA /* Main.storyboard */,
				854E2B4623D368C800EF20EA /* Assets.xcassets */,
				854E2B4823D368C800EF20EA /* LaunchScreen.storyboard */,
				854E2B4B23D368C800EF20EA /* Info.plist */,
			);
			path = TimeOverlayVideoPlayer;
			sourceTree = "<group>";
		};
/* End PBXGroup section */

/* Begin PBXNativeTarget section */
		854E2B3923D368C700EF20EA /* TimeOverlayVideoPlayer */ = {
			isa = PBXNativeTarget;
			buildConfigurationList = 854E2B4E23D368C800EF20EA /* Build configuration list for PBXNativeTarget "TimeOverlayVideoPlayer" */;
			buildPhases = (
				854E2B3623D368C700EF20EA /* Sources */,
				854E2B3723D368C700EF20EA /* Frameworks */,
				854E2B3823D368C700EF20EA /* Resources */,
			);
			buildRules = (
			);
			dependencies = (
			);
			name = TimeOverlayVideoPlayer;
			productName = TimeOverlayVideoPlayer;
			productReference = 854E2B3A23D368C700EF20EA /* TimeOverlayVideoPlayer.app */;
			productType = "com.apple.product-type.application";
		};
/* End PBXNativeTarget section */

/* Begin PBXProject section */
		854E2B3223D368C700EF20EA /* Project object */ = {
			isa = PBXProject;
			attributes = {
				LastSwiftUpdateCheck = 1130;
				LastUpgradeCheck = 1130;
				ORGANIZATIONNAME = eyepax;
				TargetAttributes = {
					854E2B3923D368C700EF20EA = {
						CreatedOnToolsVersion = 11.3;
					};
				};
			};
			buildConfigurationList = 854E2B3523D368C700EF20EA /* Build configuration list for PBXProject "TimeOverlayVideoPlayer" */;
			compatibilityVersion = "Xcode 9.3";
			developmentRegion = en;
			hasScannedForEncodings = 0;
			knownRegions = (
				en,
				Base,
			);
			mainGroup = 854E2B3123D368C700EF20EA;
			productRefGroup = 854E2B3B23D368C700EF20EA /* Products */;
			projectDirPath = "";
			projectRoot = "";
			targets = (
				854E2B3923D368C700EF20EA /* TimeOverlayVideoPlayer */,
			);
		};
/* End PBXProject section */

/* Begin PBXResourcesBuildPhase section */
		854E2B3823D368C700EF20EA /* Resources */ = {
			isa = PBXResourcesBuildPhase;
			buildActionMask = 2147483647;
			files = (
				854E2B4A23D368C800EF20EA /* LaunchScreen.storyboard in Resources */,
				854E2B4723D368C800EF20EA /* Assets.xcassets in Resources */,
				854E2B4523D368C700EF20EA /* Main.storyboard in Resources */,
			);
			runOnlyForDeploymentPostprocessing = 0;
		};
/* End PBXResourcesBuildPhase section */

/* Begin PBXSourcesBuildPhase section */
		854E2B3623D368C700EF20EA /* Sources */ = {
			isa = PBXSourcesBuildPhase;
			buildActionMask = 2147483647;
			files = (
				854E2B4223D368C700EF20EA /* ViewController.swift in Sources */,
				854E2B3E23D368C700EF20EA /* AppDelegate.swift in Sources */,
				854E2B4023D368C700EF20EA /* SceneDelegate.swift in Sources */,
			);
			runOnlyForDeploymentPostprocessing = 0;
		};
/* End PBXSourcesBuildPhase section */

/* Begin PBXVariantGroup section */
		854E2B4323D368C700EF20EA /* Main.storyboard */ = {
			isa = PBXVariantGroup;
			children = (
				854E2B4423D368C700EF20EA /* Base */,
			);
			name = Main.storyboard;
			sourceTree = "<group>";
		};
		854E2B4823D368C800EF20EA /* LaunchScreen.storyboard */ = {
			isa = PBXVariantGroup;
			children = (
				854E2B4923D368C800EF20EA /* Base */,
			);
			name = LaunchScreen.storyboard;
			sourceTree = "<group>";
		};
/* End PBXVariantGroup section */

/* Begin XCBuildConfiguration section */
		854E2B4C23D368C800EF20EA /* Debug */ = {
			isa = XCBuildConfiguration;
			buildSettings = {
				ALWAYS_SEARCH_USER_PATHS = NO;
				CLANG_ANALYZER_NONNULL = YES;
				CLANG_ANALYZER_NUMBER_OBJECT_CONVERSION = YES_AGGRESSIVE;
				CLANG_CXX_LANGUAGE_STANDARD = "gnu++14";
				CLANG_CXX_LIBRARY = "libc++";
				CLANG_ENABLE_MODULES = YES;
				CLANG_ENABLE_OBJC_ARC = YES;
				CLANG_ENABLE_OBJC_WEAK = YES;
				CLANG_WARN_BLOCK_CAPTURE_AUTORELEASING = YES;
				CLANG_WARN_BOOL_CONVERSION = YES;
				CLANG_WARN_COMMA = YES;
				CLANG_WARN_CONSTANT_CONVERSION = YES;
				CLANG_WARN_DEPRECATED_OBJC_IMPLEMENTATIONS = YES;
				CLANG_WARN_DIRECT_OBJC_ISA_USAGE = YES_ERROR;
				CLANG_WARN_DOCUMENTATION_COMMENTS = YES;
				CLANG_WARN_EMPTY_BODY = YES;
				CLANG_WARN_ENUM_CONVERSION = YES;
				CLANG_WARN_INFINITE_RECURSION = YES;
				CLANG_WARN_INT_CONVERSION = YES;
				CLANG_WARN_NON_LITERAL_NULL_CONVERSION = YES;
				CLANG_WARN_OBJC_IMPLICIT_RETAIN_SELF = YES;
				CLANG_WARN_OBJC_LITERAL_CONVERSION = YES;
				CLANG_WARN_OBJC_ROOT_CLASS = YES_ERROR;
				CLANG_WARN_RANGE_LOOP_ANALYSIS = YES;
				CLANG_WARN_STRICT_PROTOTYPES = YES;
				CLANG_WARN_SUSPICIOUS_MOVE = YES;
				CLANG_WARN_UNGUARDED_AVAILABILITY = YES_AGGRESSIVE;
				CLANG_WARN_UNREACHABLE_CODE = YES;
				CLANG_WARN__DUPLICATE_METHOD_MATCH = YES;
				COPY_PHASE_STRIP = NO;
				DEBUG_INFORMATION_FORMAT = dwarf;
				ENABLE_STRICT_OBJC_MSGSEND = YES;
				ENABLE_TESTABILITY = YES;
				GCC_C_LANGUAGE_STANDARD = gnu11;
				GCC_DYNAMIC_NO_PIC = NO;
				GCC_NO_COMMON_BLOCKS = YES;
				GCC_OPTIMIZATION_LEVEL = 0;
				GCC_PREPROCESSOR_DEFINITIONS = (
					"DEBUG=1",
					"$(inherited)",
				);
				GCC_WARN_64_TO_32_BIT_CONVERSION = YES;
				GCC_WARN_ABOUT_RETURN_TYPE = YES_ERROR;
				GCC_WARN_UNDECLARED_SELECTOR = YES;
				GCC_WARN_UNINITIALIZED_AUTOS = YES_AGGRESSIVE;
				GCC_WARN_UNUSED_FUNCTION = YES;
				GCC_WARN_UNUSED_VARIABLE = YES;
				IPHONEOS_DEPLOYMENT_TARGET = 13.2;
				MTL_ENABLE_DEBUG_INFO = INCLUDE_SOURCE;
				MTL_FAST_MATH = YES;
				ONLY_ACTIVE_ARCH = YES;
				SDKROOT = iphoneos;
				SWIFT_ACTIVE_COMPILATION_CONDITIONS = DEBUG;
				SWIFT_OPTIMIZATION_LEVEL = "-Onone";
			};
			name = Debug;
		};
		854E2B4D23D368C800EF20EA /* Release */ = {
			isa = XCBuildConfiguration;
			buildSettings = {
				ALWAYS_SEARCH_USER_PATHS = NO;
				CLANG_ANALYZER_NONNULL = YES;
				CLANG_ANALYZER_NUMBER_OBJECT_CONVERSION = YES_AGGRESSIVE;
				CLANG_CXX_LANGUAGE_STANDARD = "gnu++14";
				CLANG_CXX_LIBRARY = "libc++";
				CLANG_ENABLE_MODULES = YES;
				CLANG_ENABLE_OBJC_ARC = YES;
				CLANG_ENABLE_OBJC_WEAK = YES;
				CLANG_WARN_BLOCK_CAPTURE_AUTORELEASING = YES;
				CLANG_WARN_BOOL_CONVERSION = YES;
				CLANG_WARN_COMMA = YES;
				CLANG_WARN_CONSTANT_CONVERSION = YES;
				CLANG_WARN_DEPRECATED_OBJC_IMPLEMENTATIONS = YES;
				CLANG_WARN_DIRECT_OBJC_ISA_USAGE = YES_ERROR;
				CLANG_WARN_DOCUMENTATION_COMMENTS = YES;
				CLANG_WARN_EMPTY_BODY = YES;
				CLANG_WARN_ENUM_CONVERSION = YES;
				CLANG_WARN_INFINITE_RECURSION = YES;
				CLANG_WARN_INT_CONVERSION = YES;
				CLANG_WARN_NON_LITERAL_NULL_CONVERSION = YES;
				CLANG_WARN_OBJC_IMPLICIT_RETAIN_SELF = YES;
				CLANG_WARN_OBJC_LITERAL_CONVERSION = YES;
				CLANG_WARN_OBJC_ROOT_CLASS = YES_ERROR;
				CLANG_WARN_RANGE_LOOP_ANALYSIS = YES;
				CLANG_WARN_STRICT_PROTOTYPES = YES;
				CLANG_WARN_SUSPICIOUS_MOVE = YES;
				CLANG_WARN_UNGUARDED_AVAILABILITY = YES_AGGRESSIVE;
				CLANG_WARN_UNREACHABLE_CODE = YES;
				CLANG_WARN__DUPLICATE_METHOD_MATCH = YES;
				COPY_PHASE_STRIP = NO;
				DEBUG_INFORMATION_FORMAT = "dwarf-with-dsym";
				ENABLE_NS_ASSERTIONS = NO;
				ENABLE_STRICT_OBJC_MSGSEND = YES;
				GCC_C_LANGUAGE_STANDARD = gnu11;
				GCC_NO_COMMON_BLOCKS = YES;
				GCC_WARN_64_TO_32_BIT_CONVERSION = YES;
				GCC_WARN_ABOUT_RETURN_TYPE = YES_ERROR;
				GCC_WARN_UNDECLARED_SELECTOR = YES;
				GCC_WARN_UNINITIALIZED_AUTOS = YES_AGGRESSIVE;
				GCC_WARN_UNUSED_FUNCTION = YES;
				GCC_WARN_UNUSED_VARIABLE = YES;
				IPHONEOS_DEPLOYMENT_TARGET = 13.2;
				MTL_ENABLE_DEBUG_INFO = NO;
				MTL_FAST_MATH = YES;
				SDKROOT = iphoneos;
				SWIFT_COMPILATION_MODE = wholemodule;
				SWIFT_OPTIMIZATION_LEVEL = "-O";
				VALIDATE_PRODUCT = YES;
			};
			name = Release;
		};
		854E2B4F23D368C800EF20EA /* Debug */ = {
			isa = XCBuildConfiguration;
			buildSettings = {
				ASSETCATALOG_COMPILER_APPICON_NAME = AppIcon;
				CODE_SIGN_STYLE = Automatic;
				DEVELOPMENT_TEAM = A9PC3VAPCS;
				INFOPLIST_FILE = TimeOverlayVideoPlayer/Info.plist;
				LD_RUNPATH_SEARCH_PATHS = (
					"$(inherited)",
					"@executable_path/Frameworks",
				);
				PRODUCT_BUNDLE_IDENTIFIER = eyepax.TimeOverlayVideoPlayer;
				PRODUCT_NAME = "$(TARGET_NAME)";
				SWIFT_VERSION = 4.0;
				TARGETED_DEVICE_FAMILY = "1,2";
			};
			name = Debug;
		};
		854E2B5023D368C800EF20EA /* Release */ = {
			isa = XCBuildConfiguration;
			buildSettings = {
				ASSETCATALOG_COMPILER_APPICON_NAME = AppIcon;
				CODE_SIGN_STYLE = Automatic;
				DEVELOPMENT_TEAM = A9PC3VAPCS;
				INFOPLIST_FILE = TimeOverlayVideoPlayer/Info.plist;
				LD_RUNPATH_SEARCH_PATHS = (
					"$(inherited)",
					"@executable_path/Frameworks",
				);
				PRODUCT_BUNDLE_IDENTIFIER = eyepax.TimeOverlayVideoPlayer;
				PRODUCT_NAME = "$(TARGET_NAME)";
				SWIFT_VERSION = 4.0;
				TARGETED_DEVICE_FAMILY = "1,2";
			};
			name = Release;
		};
/* End XCBuildConfiguration section */

/* Begin XCConfigurationList section */
		854E2B3523D368C700EF20EA /* Build configuration list for PBXProject "TimeOverlayVideoPlayer" */ = {
			isa = XCConfigurationList;
			buildConfigurations = (
				854E2B4C23D368C800EF20EA /* Debug */,
				854E2B4D23D368C800EF20EA /* Release */,
			);
			defaultConfigurationIsVisible = 0;
			defaultConfigurationName = Release;
		};
		854E2B4E23D368C800EF20EA /* Build configuration list for PBXNativeTarget "TimeOverlayVideoPlayer" */ = {
			isa = XCConfigurationList;
			buildConfigurations = (
				854E2B4F23D368C800EF20EA /* Debug */,
				854E2B5023D368C800EF20EA /* Release */,
			);
			defaultConfigurationIsVisible = 0;
			defaultConfigurationName = Release;
		};
/* End XCConfigurationList section */
	};
	rootObject = 854E2B3223D368C700EF20EA /* Project object */;
}
